github.com/aws/aws-sdk-go-v2 v1.40.0 h1:/WMUA0kjhZExjOQN2z3oLALDREea1A7TobfuiBrKlwc=
github.com/aws/aws-sdk-go-v2 v1.40.0/go.mod h1:c9pm7VwuW0UPxAEYGyTmyurVcNrbF6Rt/wixFqDhcjE=
github.com/aws/aws-sdk-go-v2/aws/protocol/eventstream v1.7.3 h1:DHctwEM8P8iTXFxC/QK0MRjwEpWQeM9yzidCRjldUz0=
github.com/aws/aws-sdk-go-v2/aws/protocol/eventstream v1.7.3/go.mod h1:xdCzcZEtnSTKVDOmUZs4l/j3pSV6rpo1WXl5ugNsL8Y=
github.com/aws/aws-sdk-go-v2/config v1.28.6 h1:D89IKtGrs/I3QXOLNTH93NJYtDhm8SYa9Q5CsPShmyo=
github.com/aws/aws-sdk-go-v2/config v1.28.6/go.mod h1:GDzxJ5wyyFSCoLkS+UhGB0dArhb9mI+Co4dHtoTxbko=
github.com/aws/aws-sdk-go-v2/credentials v1.17.47 h1:48bA+3/fCdi2yAwVt+3COvmatZ6jUDNkDTIsqDiMUdw=
github.com/aws/aws-sdk-go-v2/credentials v1.17.47/go.mod h1:+KdckOejLW3Ks3b0E3b5rHsr2f9yuORBum0WPnE5o5w=
github.com/aws/aws-sdk-go-v2/feature/dynamodb/attributevalue v1.20.25 h1:PcVbv9+k/gKWru6CB8GxfD2VNyBR54NxDUpUoLA1JFM=
github.com/aws/aws-sdk-go-v2/feature/dynamodb/attributevalue v1.20.25/go.mod h1:kjc38Ecff42jswezFNVPRdDC1RjA0uIPbWZd3lEUsz8=
github.com/aws/aws-sdk-go-v2/feature/ec2/imds v1.16.21 h1:AmoU1pziydclFT/xRV+xXE/Vb8fttJCLRPv8oAkprc0=
github.com/aws/aws-sdk-go-v2/feature/ec2/imds v1.16.21/go.mod h1:AjUdLYe4Tgs6kpH4Bv7uMZo7pottoyHMn4eTcIcneaY=
github.com/aws/aws-sdk-go-v2/internal/configsources v1.4.14 h1:PZHqQACxYb8mYgms4RZbhZG0a7dPW06xOjmaH0EJC/I=
github.com/aws/aws-sdk-go-v2/internal/configsources v1.4.14/go.mod h1:VymhrMJUWs69D8u0/lZ7jSB6WgaG/NqHi3gX0aYf6U0=
github.com/aws/aws-sdk-go-v2/internal/endpoints/v2 v2.7.14 h1:bOS19y6zlJwagBfHxs0ESzr1XCOU2KXJCWcq3E2vfjY=
github.com/aws/aws-sdk-go-v2/internal/endpoints/v2 v2.7.14/go.mod h1:1ipeGBMAxZ0xcTm6y6paC2C/J6f6OO7LBODV9afuAyM=
github.com/aws/aws-sdk-go-v2/internal/ini v1.8.1 h1:VaRN3TlFdd6KxX1x3ILT5ynH6HvKgqdiXoTxAF4HQcQ=
github.com/aws/aws-sdk-go-v2/internal/ini v1.8.1/go.mod h1:FbtygfRFze9usAadmnGJNc8KsP346kEe+y2/oyhGAGc=
github.com/aws/aws-sdk-go-v2/internal/v4a v1.4.14 h1:ITi7qiDSv/mSGDSWNpZ4k4Ve0DQR6Ug2SJQ8zEHoDXg=
github.com/aws/aws-sdk-go-v2/internal/v4a v1.4.14/go.mod h1:k1xtME53H1b6YpZt74YmwlONMWf4ecM+lut1WQLAF/U=
github.com/aws/aws-sdk-go-v2/service/dynamodb v1.53.1 h1:94W5IklNYC4LSldDFfH9E+gQbczZjqRwEr6lN5wEpCM=
github.com/aws/aws-sdk-go-v2/service/dynamodb v1.53.1/go.mod h1:bz4cZH7uK5fLxQbj7hL4MFDL+pjReC9en/nM2Wfwxsk=
github.com/aws/aws-sdk-go-v2/service/dynamodbstreams v1.32.5 h1:n+kCZnh0GUvkTFRI+PzADqyMj9rIoeBESipUiaEoByE=
github.com/aws/aws-sdk-go-v2/service/dynamodbstreams v1.32.5/go.mod h1:r2DJVcbGPv7oJGoPICCQJ+4ci5oSGjdXtdscnJIQBfk=
github.com/aws/aws-sdk-go-v2/service/ec2 v1.191.0 h1:F7M5lncJ3dH6VfFohkSTBh0uRmqfB41/XxXfp8NphHI=
github.com/aws/aws-sdk-go-v2/service/ec2 v1.191.0/go.mod h1:mzj8EEjIHSN2oZRXiw1Dd+uB4HZTl7hC8nBzX9IZMWw=
github.com/aws/aws-sdk-go-v2/service/internal/accept-encoding v1.13.3 h1:x2Ibm/Af8Fi+BH+Hsn9TXGdT+hKbDd5XOTZxTMxDk7o=
github.com/aws/aws-sdk-go-v2/service/internal/accept-encoding v1.13.3/go.mod h1:IW1jwyrQgMdhisceG8fQLmQIydcT/jWY21rFhzgaKwo=
github.com/aws/aws-sdk-go-v2/service/internal/checksum v1.9.5 h1:Hjkh7kE6D81PgrHlE/m9gx+4TyyeLHuY8xJs7yXN5C4=
github.com/aws/aws-sdk-go-v2/service/internal/checksum v1.9.5/go.mod h1:nPRXgyCfAurhyaTMoBMwRBYBhaHI4lNPAnJmjM0Tslc=
github.com/aws/aws-sdk-go-v2/service/internal/endpoint-discovery v1.11.14 h1:3exo28cClRTVnxdj/LULxkESZSSv74RUIjZ7tfHXfWQ=
github.com/aws/aws-sdk-go-v2/service/internal/endpoint-discovery v1.11.14/go.mod h1:yLon9pByjyB6JZq5IAmwnjE3ObIhD0QibfRWH7tUhLU=
github.com/aws/aws-sdk-go-v2/service/internal/presigned-url v1.13.14 h1:FIouAnCE46kyYqyhs0XEBDFFSREtdnr8HQuLPQPLCrY=
github.com/aws/aws-sdk-go-v2/service/internal/presigned-url v1.13.14/go.mod h1:UTwDc5COa5+guonQU8qBikJo1ZJ4ln2r1MkF7Dqag1E=
github.com/aws/aws-sdk-go-v2/service/internal/s3shared v1.19.14 h1:FzQE21lNtUor0Fb7QNgnEyiRCBlolLTX/Z1j65S7teM=
github.com/aws/aws-sdk-go-v2/service/internal/s3shared v1.19.14/go.mod h1:s1ydyWG9pm3ZwmmYN21HKyG9WzAZhYVW85wMHs5FV6w=
github.com/aws/aws-sdk-go-v2/service/s3 v1.92.0 h1:8FshVvnV2sr9kOSAbOnc/vwVmmAwMjOedKH6JW2ddPM=
github.com/aws/aws-sdk-go-v2/service/s3 v1.92.0/go.mod h1:wYNqY3L02Z3IgRYxOBPH9I1zD9Cjh9hI5QOy/eOjQvw=
github.com/aws/aws-sdk-go-v2/service/sqs v1.37.2 h1:mFLfxLZB/TVQwNJAYox4WaxpIu+dFVIcExrmRmRCOhw=
github.com/aws/aws-sdk-go-v2/service/sqs v1.37.2/go.mod h1:GnvfTdlvcpD+or3oslHPOn4Mu6KaCwlCp+0p0oqWnrM=
github.com/aws/aws-sdk-go-v2/service/sso v1.24.7 h1:rLnYAfXQ3YAccocshIH5mzNNwZBkBo+bP6EhIxak6Hw=
github.com/aws/aws-sdk-go-v2/service/sso v1.24.7/go.mod h1:ZHtuQJ6t9A/+YDuxOLnbryAmITtr8UysSny3qcyvJTc=
github.com/aws/aws-sdk-go-v2/service/ssooidc v1.28.6 h1:JnhTZR3PiYDNKlXy50/pNeix9aGMo6lLpXwJ1mw8MD4=
github.com/aws/aws-sdk-go-v2/service/ssooidc v1.28.6/go.mod h1:URronUEGfXZN1VpdktPSD1EkAL9mfrV+2F4sjH38qOY=
github.com/aws/aws-sdk-go-v2/service/sts v1.33.2 h1:s4074ZO1Hk8qv65GqNXqDjmkf4HSQqJukaLuuW0TpDA=
github.com/aws/aws-sdk-go-v2/service/sts v1.33.2/go.mod h1:mVggCnIWoM09jP71Wh+ea7+5gAp53q+49wDFs1SW5z8=
github.com/aws/smithy-go v1.23.2 h1:Crv0eatJUQhaManss33hS5r40CG3ZFH+21XSkqMrIUM=
github.com/aws/smithy-go v1.23.2/go.mod h1:LEj2LM3rBRQJxPZTB4KuzZkaZYnZPnvgIhb4pu07mx0=
github.com/google/go-cmp v0.5.2/go.mod h1:v8dTdLbMG2kIc/vJvl+f65V22dbkXbowE6jgT/gNBxE=
github.com/google/go-cmp v0.6.0 h1:ofyhxvXcZhMsU5ulbFiLKl/XBFqE1GSq7atu8tAmTRI=
github.com/google/go-cmp v0.6.0/go.mod h1:17dUlkBOakJ0+DkrSSNjCkIjxS6bF9zb3elmeNGIjoY=
github.com/google/go-github/v57 v57.0.0 h1:L+Y3UPTY8ALM8x+TV0lg+IEBI+upibemtBD8Q9u7zHs=
github.com/google/go-github/v57 v57.0.0/go.mod h1:s0omdnye0hvK/ecLvpsGfJMiRt85PimQh4oygmLIxHw=
github.com/google/go-querystring v1.1.0 h1:AnCroh3fv4ZBgVIf1Iwtovgjaw/GiKJo8M8yD/fhyJ8=
github.com/google/go-querystring v1.1.0/go.mod h1:Kcdr2DB4koayq7X8pmAG4sNG59So17icRSOU623lUBU=
github.com/google/uuid v1.6.0 h1:NIvaJDMOsjHA8n1jAhLSgzrAzy1Hgr+hNrb57e+94F0=
github.com/google/uuid v1.6.0/go.mod h1:TIyPZe4MgqvfeYDBFedMoGGpEw/LqOeaOT+nhxU+yHo=
golang.org/x/xerrors v0.0.0-20191204190536-9bdfabe68543/go.mod h1:I/5z698sn9Ka8TeJc9MKroUUfqBBauWjQqLJ2OPfmY0=
